
Microsoft Visual Studio Solution File, Format Version 12.00
# Visual Studio Version 16
VisualStudioVersion = 16.0.32228.343
MinimumVisualStudioVersion = 10.0.40219.1
Project("{FAE04EC0-301F-11D3-BF4B-00C04F79EFBC}") = "TestProgram", "TestProgram.csproj", "{2069108D-D038-4E78-86F1-2B536D0661CE}"
EndProject
Project("{FAE04EC0-301F-11D3-BF4B-00C04F79EFBC}") = "TestProject1", "..\TestProject1\TestProject1.csproj", "{ADF23E15-9448-4ACE-83B1-90902C4434C2}"
EndProject
Global
	GlobalSection(SolutionConfigurationPlatforms) = preSolution
		Debug|Any CPU = Debug|Any CPU
		Debug|ARM = Debug|ARM
		Debug|ARM64 = Debug|ARM64
		Debug|x64 = Debug|x64
		Debug|x86 = Debug|x86
		Release|Any CPU = Release|Any CPU
		Release|ARM = Release|ARM
		Release|ARM64 = Release|ARM64
		Release|x64 = Release|x64
		Release|x86 = Release|x86
	EndGlobalSection
	GlobalSection(ProjectConfigurationPlatforms) = postSolution
		{2069108D-D038-4E78-86F1-2B536D0661CE}.Debug|Any CPU.ActiveCfg = Debug|Any CPU
		{2069108D-D038-4E78-86F1-2B536D0661CE}.Debug|Any CPU.Build.0 = Debug|Any CPU
		{2069108D-D038-4E78-86F1-2B536D0661CE}.Debug|ARM.ActiveCfg = Debug|Any CPU
		{2069108D-D038-4E78-86F1-2B536D0661CE}.Debug|ARM.Build.0 = Debug|Any CPU
		{2069108D-D038-4E78-86F1-2B536D0661CE}.Debug|ARM64.ActiveCfg = Debug|Any CPU
		{2069108D-D038-4E78-86F1-2B536D0661CE}.Debug|ARM64.Build.0 = Debug|Any CPU
		{2069108D-D038-4E78-86F1-2B536D0661CE}.Debug|x64.ActiveCfg = Debug|Any CPU
		{2069108D-D038-4E78-86F1-2B536D0661CE}.Debug|x64.Build.0 = Debug|Any CPU
		{2069108D-D038-4E78-86F1-2B536D0661CE}.Debug|x86.ActiveCfg = Debug|Any CPU
		{2069108D-D038-4E78-86F1-2B536D0661CE}.Debug|x86.Build.0 = Debug|Any CPU
		{2069108D-D038-4E78-86F1-2B536D0661CE}.Release|Any CPU.ActiveCfg = Release|Any CPU
		{2069108D-D038-4E78-86F1-2B536D0661CE}.Release|Any CPU.Build.0 = Release|Any CPU
		{2069108D-D038-4E78-86F1-2B536D0661CE}.Release|ARM.ActiveCfg = Release|Any CPU
		{2069108D-D038-4E78-86F1-2B536D0661CE}.Release|ARM.Build.0 = Release|Any CPU
		{2069108D-D038-4E78-86F1-2B536D0661CE}.Release|ARM64.ActiveCfg = Release|Any CPU
		{2069108D-D038-4E78-86F1-2B536D0661CE}.Release|ARM64.Build.0 = Release|Any CPU
		{2069108D-D038-4E78-86F1-2B536D0661CE}.Release|x64.ActiveCfg = Release|Any CPU
		{2069108D-D038-4E78-86F1-2B536D0661CE}.Release|x64.Build.0 = Release|Any CPU
		{2069108D-D038-4E78-86F1-2B536D0661CE}.Release|x86.ActiveCfg = Release|Any CPU
		{2069108D-D038-4E78-86F1-2B536D0661CE}.Release|x86.Build.0 = Release|Any CPU
		{ADF23E15-9448-4ACE-83B1-90902C4434C2}.Debug|Any CPU.ActiveCfg = Debug|Any CPU
		{ADF23E15-9448-4ACE-83B1-90902C4434C2}.Debug|Any CPU.Build.0 = Debug|Any CPU
		{ADF23E15-9448-4ACE-83B1-90902C4434C2}.Debug|ARM.ActiveCfg = Debug|Any CPU
		{ADF23E15-9448-4ACE-83B1-90902C4434C2}.Debug|ARM.Build.0 = Debug|Any CPU
		{ADF23E15-9448-4ACE-83B1-90902C4434C2}.Debug|ARM64.ActiveCfg = Debug|Any CPU
		{ADF23E15-9448-4ACE-83B1-90902C4434C2}.Debug|ARM64.Build.0 = Debug|Any CPU
		{ADF23E15-9448-4ACE-83B1-90902C4434C2}.Debug|x64.ActiveCfg = Debug|Any CPU
		{ADF23E15-9448-4ACE-83B1-90902C4434C2}.Debug|x64.Build.0 = Debug|Any CPU
		{ADF23E15-9448-4ACE-83B1-90902C4434C2}.Debug|x86.ActiveCfg = Debug|Any CPU
		{ADF23E15-9448-4ACE-83B1-90902C4434C2}.Debug|x86.Build.0 = Debug|Any CPU
		{ADF23E15-9448-4ACE-83B1-90902C4434C2}.Release|Any CPU.ActiveCfg = Release|Any CPU
		{ADF23E15-9448-4ACE-83B1-90902C4434C2}.Release|Any CPU.Build.0 = Release|Any CPU
		{ADF23E15-9448-4ACE-83B1-90902C4434C2}.Release|ARM.ActiveCfg = Release|Any CPU
		{ADF23E15-9448-4ACE-83B1-90902C4434C2}.Release|ARM.Build.0 = Release|Any CPU
		{ADF23E15-9448-4ACE-83B1-90902C4434C2}.Release|ARM64.ActiveCfg = Release|Any CPU
		{ADF23E15-9448-4ACE-83B1-90902C4434C2}.Release|ARM64.Build.0 = Release|Any CPU
		{ADF23E15-9448-4ACE-83B1-90902C4434C2}.Release|x64.ActiveCfg = Release|Any CPU
		{ADF23E15-9448-4ACE-83B1-90902C4434C2}.Release|x64.Build.0 = Release|Any CPU
		{ADF23E15-9448-4ACE-83B1-90902C4434C2}.Release|x86.ActiveCfg = Release|Any CPU
		{ADF23E15-9448-4ACE-83B1-90902C4434C2}.Release|x86.Build.0 = Release|Any CPU
	EndGlobalSection
	GlobalSection(SolutionProperties) = preSolution
		HideSolutionNode = FALSE
	EndGlobalSection
	GlobalSection(ExtensibilityGlobals) = postSolution
		SolutionGuid = {9121BC11-D2C0-4B37-BF02-412F6D408508}
	EndGlobalSection
EndGlobal
