
Microsoft Visual Studio Solution File, Format Version 12.00
# Visual Studio Version 16
VisualStudioVersion = 16.0.31025.194
MinimumVisualStudioVersion = 10.0.40219.1
Project("{9A19103F-16F7-4668-BE54-9A1E7A4F7556}") = "TestProject1", "TestProject1.csproj", "{B6AA9465-6EDF-428F-B7C5-754698C72EF0}"
EndProject
Global
	GlobalSection(SolutionConfigurationPlatforms) = preSolution
		Debug|Any CPU = Debug|Any CPU
		Release|Any CPU = Release|Any CPU
	EndGlobalSection
	GlobalSection(ProjectConfigurationPlatforms) = postSolution
		{B6AA9465-6EDF-428F-B7C5-754698C72EF0}.Debug|Any CPU.ActiveCfg = Debug|Any CPU
		{B6AA9465-6EDF-428F-B7C5-754698C72EF0}.Debug|Any CPU.Build.0 = Debug|Any CPU
		{B6AA9465-6EDF-428F-B7C5-754698C72EF0}.Release|Any CPU.ActiveCfg = Release|Any CPU
		{B6AA9465-6EDF-428F-B7C5-754698C72EF0}.Release|Any CPU.Build.0 = Release|Any CPU
	EndGlobalSection
	GlobalSection(SolutionProperties) = preSolution
		HideSolutionNode = FALSE
	EndGlobalSection
	GlobalSection(ExtensibilityGlobals) = postSolution
		SolutionGuid = {5214CE88-9DCC-4859-A4CD-75818FD3965E}
	EndGlobalSection
EndGlobal
